{
  "originHash" : "4606ae1fdb10a0e40d1bda84d2d7bd48531d8cd2d56b8584c27118738cb80182",
  "pins" : [
    {
      "identity" : "semanticversion",
      "kind" : "remoteSourceControl",
      "location" : "https://github.com/SwiftPackageIndex/SemanticVersion",
      "state" : {
        "revision" : "330bab3e41aad91fb3b1b0f779d1325738e54b93",
        "version" : "0.5.3"
      }
    },
    {
      "identity" : "swift-docc-plugin",
      "kind" : "remoteSourceControl",
      "location" : "https://github.com/swiftlang/swift-docc-plugin",
      "state" : {
        "revision" : "647c708be89f834fa6a6d4945442793a77ddf5b6",
        "version" : "1.5.0"
      }
    },
    {
      "identity" : "swift-docc-symbolkit",
      "kind" : "remoteSourceControl",
      "location" : "https://github.com/swiftlang/swift-docc-symbolkit",
      "state" : {
        "revision" : "b45d1f2ed151d057b54504d653e0da5552844e34",
        "version" : "1.0.0"
      }
    },
    {
      "identity" : "swift-system",
      "kind" : "remoteSourceControl",
      "location" : "https://github.com/apple/swift-system",
      "state" : {
        "revision" : "7502b711c92a17741fa625d722b0ccbd595d8ed1",
        "version" : "1.7.2"
      }
    },
    {
      "identity" : "swiftformat",
      "kind" : "remoteSourceControl",
      "location" : "https://github.com/nicklockwood/SwiftFormat",
      "state" : {
        "revision" : "a5fa7a6a57abeb834df1b3fa43ea9133137d5ade",
        "version" : "0.61.1"
      }
    }
  ],
  "version" : 3
}
